
Microsoft Visual Studio Solution File, Format Version 12.00
# Visual Studio Version 17
VisualStudioVersion = 17.11.35208.52
MinimumVisualStudioVersion = 10.0.40219.1
Project("{9A19103F-16F7-4668-BE54-9A1E7A4F7556}") = "NguyenVanQuan_2310900084", "NguyenVanQuan_2310900084.csproj", "{47BD45FA-2A75-4057-BFA1-5C9E47BF5D50}"
EndProject
Global
	GlobalSection(SolutionConfigurationPlatforms) = preSolution
		Debug|Any CPU = Debug|Any CPU
		Release|Any CPU = Release|Any CPU
	EndGlobalSection
	GlobalSection(ProjectConfigurationPlatforms) = postSolution
		{47BD45FA-2A75-4057-BFA1-5C9E47BF5D50}.Debug|Any CPU.ActiveCfg = Debug|Any CPU
		{47BD45FA-2A75-4057-BFA1-5C9E47BF5D50}.Debug|Any CPU.Build.0 = Debug|Any CPU
		{47BD45FA-2A75-4057-BFA1-5C9E47BF5D50}.Release|Any CPU.ActiveCfg = Release|Any CPU
		{47BD45FA-2A75-4057-BFA1-5C9E47BF5D50}.Release|Any CPU.Build.0 = Release|Any CPU
	EndGlobalSection
	GlobalSection(SolutionProperties) = preSolution
		HideSolutionNode = FALSE
	EndGlobalSection
	GlobalSection(ExtensibilityGlobals) = postSolution
		SolutionGuid = {CF3C6277-54EA-4CA0-A566-C3AEF59F36C5}
	EndGlobalSection
EndGlobal
