
Microsoft Visual Studio Solution File, Format Version 12.00
# Visual Studio Version 17
VisualStudioVersion = 17.11.35208.52
MinimumVisualStudioVersion = 10.0.40219.1
Project("{FAE04EC0-301F-11D3-BF4B-00C04F79EFBC}") = "NvqLad06", "NvqLad06.csproj", "{DE694FAD-9EB3-49BC-B171-BC42F60756E3}"
EndProject
Global
	GlobalSection(SolutionConfigurationPlatforms) = preSolution
		Debug|Any CPU = Debug|Any CPU
		Release|Any CPU = Release|Any CPU
	EndGlobalSection
	GlobalSection(ProjectConfigurationPlatforms) = postSolution
		{DE694FAD-9EB3-49BC-B171-BC42F60756E3}.Debug|Any CPU.ActiveCfg = Debug|Any CPU
		{DE694FAD-9EB3-49BC-B171-BC42F60756E3}.Debug|Any CPU.Build.0 = Debug|Any CPU
		{DE694FAD-9EB3-49BC-B171-BC42F60756E3}.Release|Any CPU.ActiveCfg = Release|Any CPU
		{DE694FAD-9EB3-49BC-B171-BC42F60756E3}.Release|Any CPU.Build.0 = Release|Any CPU
	EndGlobalSection
	GlobalSection(SolutionProperties) = preSolution
		HideSolutionNode = FALSE
	EndGlobalSection
	GlobalSection(ExtensibilityGlobals) = postSolution
		SolutionGuid = {3E1B57E3-ACD6-42ED-9647-131EBF7B9A52}
	EndGlobalSection
EndGlobal
