
Microsoft Visual Studio Solution File, Format Version 12.00
# Visual Studio Version 17
VisualStudioVersion = 17.11.35208.52
MinimumVisualStudioVersion = 10.0.40219.1
Project("{FAE04EC0-301F-11D3-BF4B-00C04F79EFBC}") = "quanlybanhang-2310900084-doan2-nhom3", "quanlybanhang-2310900084-doan2-nhom3.csproj", "{810A9009-8A77-42D9-87AF-8B884146E7B5}"
EndProject
Global
	GlobalSection(SolutionConfigurationPlatforms) = preSolution
		Debug|Any CPU = Debug|Any CPU
		Release|Any CPU = Release|Any CPU
	EndGlobalSection
	GlobalSection(ProjectConfigurationPlatforms) = postSolution
		{810A9009-8A77-42D9-87AF-8B884146E7B5}.Debug|Any CPU.ActiveCfg = Debug|Any CPU
		{810A9009-8A77-42D9-87AF-8B884146E7B5}.Debug|Any CPU.Build.0 = Debug|Any CPU
		{810A9009-8A77-42D9-87AF-8B884146E7B5}.Release|Any CPU.ActiveCfg = Release|Any CPU
		{810A9009-8A77-42D9-87AF-8B884146E7B5}.Release|Any CPU.Build.0 = Release|Any CPU
	EndGlobalSection
	GlobalSection(SolutionProperties) = preSolution
		HideSolutionNode = FALSE
	EndGlobalSection
	GlobalSection(ExtensibilityGlobals) = postSolution
		SolutionGuid = {615F51BB-0A9C-4B1F-AFF5-394CC675865D}
	EndGlobalSection
EndGlobal
