
Microsoft Visual Studio Solution File, Format Version 12.00
# Visual Studio Version 17
VisualStudioVersion = 17.11.35208.52
MinimumVisualStudioVersion = 10.0.40219.1
Project("{FAE04EC0-301F-11D3-BF4B-00C04F79EFBC}") = "nvqMyAppMVC", "nvqMyAppMVC\nvqMyAppMVC.csproj", "{B6BCDE79-5EAB-4492-BC91-CCD38F3D127C}"
EndProject
Global
	GlobalSection(SolutionConfigurationPlatforms) = preSolution
		Debug|Any CPU = Debug|Any CPU
		Release|Any CPU = Release|Any CPU
	EndGlobalSection
	GlobalSection(ProjectConfigurationPlatforms) = postSolution
		{B6BCDE79-5EAB-4492-BC91-CCD38F3D127C}.Debug|Any CPU.ActiveCfg = Debug|Any CPU
		{B6BCDE79-5EAB-4492-BC91-CCD38F3D127C}.Debug|Any CPU.Build.0 = Debug|Any CPU
		{B6BCDE79-5EAB-4492-BC91-CCD38F3D127C}.Release|Any CPU.ActiveCfg = Release|Any CPU
		{B6BCDE79-5EAB-4492-BC91-CCD38F3D127C}.Release|Any CPU.Build.0 = Release|Any CPU
	EndGlobalSection
	GlobalSection(SolutionProperties) = preSolution
		HideSolutionNode = FALSE
	EndGlobalSection
	GlobalSection(ExtensibilityGlobals) = postSolution
		SolutionGuid = {6BDDC349-2096-4AEA-A9CA-A446379DE92D}
	EndGlobalSection
EndGlobal
