
Microsoft Visual Studio Solution File, Format Version 12.00
# Visual Studio Version 17
VisualStudioVersion = 17.11.35208.52
MinimumVisualStudioVersion = 10.0.40219.1
Project("{FAE04EC0-301F-11D3-BF4B-00C04F79EFBC}") = "NvqLesson8", "NvqLesson8.csproj", "{A22481CC-9825-4519-BA94-DA603669159F}"
EndProject
Global
	GlobalSection(SolutionConfigurationPlatforms) = preSolution
		Debug|Any CPU = Debug|Any CPU
		Release|Any CPU = Release|Any CPU
	EndGlobalSection
	GlobalSection(ProjectConfigurationPlatforms) = postSolution
		{A22481CC-9825-4519-BA94-DA603669159F}.Debug|Any CPU.ActiveCfg = Debug|Any CPU
		{A22481CC-9825-4519-BA94-DA603669159F}.Debug|Any CPU.Build.0 = Debug|Any CPU
		{A22481CC-9825-4519-BA94-DA603669159F}.Release|Any CPU.ActiveCfg = Release|Any CPU
		{A22481CC-9825-4519-BA94-DA603669159F}.Release|Any CPU.Build.0 = Release|Any CPU
	EndGlobalSection
	GlobalSection(SolutionProperties) = preSolution
		HideSolutionNode = FALSE
	EndGlobalSection
	GlobalSection(ExtensibilityGlobals) = postSolution
		SolutionGuid = {9BA73364-E79A-4F4B-A725-2633E70B8B5D}
	EndGlobalSection
EndGlobal
